
Microsoft Visual Studio Solution File, Format Version 12.00
# Visual Studio 15
VisualStudioVersion = 15.0.28010.2048
MinimumVisualStudioVersion = 10.0.40219.1
Project("{9A19103F-16F7-4668-BE54-9A1E7A4F7556}") = "Dfc.DiscoverSkillsAndCareers.FunctionApp", "Dfc.DiscoverSkillsAndCareers.FunctionApp\Dfc.DiscoverSkillsAndCareers.FunctionApp.csproj", "{DB8AC337-D423-42E6-99E6-55C762E979A9}"
EndProject
Project("{9A19103F-16F7-4668-BE54-9A1E7A4F7556}") = "Dfc.DiscoverSkillsAndCareers.Models", "Dfc.DiscoverSkillsAndCareers.Models\Dfc.DiscoverSkillsAndCareers.Models.csproj", "{15432649-0325-4EB9-8603-79EBA6395A16}"
EndProject
Project("{9A19103F-16F7-4668-BE54-9A1E7A4F7556}") = "Dfc.DiscoverSkillsAndCareers.Repositories", "Dfc.DiscoverSkillsAndCareers.Repositories\Dfc.DiscoverSkillsAndCareers.Repositories.csproj", "{C71327A1-CB21-4389-89D2-4B6A2E38FA97}"
EndProject
Project("{FAE04EC0-301F-11D3-BF4B-00C04F79EFBC}") = "Dfc.LocalDataSetupTests", "Dfc.LocalDataSetupTests\Dfc.LocalDataSetupTests.csproj", "{3188B55A-1EC7-4FC7-88FF-877A978A07E1}"
EndProject
Project("{FAE04EC0-301F-11D3-BF4B-00C04F79EFBC}") = "Dfc.UnitTests", "Dfc.UnitTests\Dfc.UnitTests.csproj", "{6DA3D039-38F6-44E2-9C41-3072A00108D6}"
EndProject
Project("{2150E333-8FDC-42A3-9474-1A3956D46DE8}") = "support", "support", "{704B84F5-E692-4D6A-8E3C-F766BDC00751}"
EndProject
Project("{FAE04EC0-301F-11D3-BF4B-00C04F79EFBC}") = "Dfc.DiscoverSkillsAndCareers.SupportApp", "support\Dfc.DiscoverSkillsAndCareers.SupportApp\Dfc.DiscoverSkillsAndCareers.SupportApp.csproj", "{37287922-EED7-4655-B204-4C0F3B834DB1}"
EndProject
Global
	GlobalSection(SolutionConfigurationPlatforms) = preSolution
		Debug|Any CPU = Debug|Any CPU
		Release|Any CPU = Release|Any CPU
	EndGlobalSection
	GlobalSection(ProjectConfigurationPlatforms) = postSolution
		{DB8AC337-D423-42E6-99E6-55C762E979A9}.Debug|Any CPU.ActiveCfg = Debug|Any CPU
		{DB8AC337-D423-42E6-99E6-55C762E979A9}.Debug|Any CPU.Build.0 = Debug|Any CPU
		{DB8AC337-D423-42E6-99E6-55C762E979A9}.Release|Any CPU.ActiveCfg = Release|Any CPU
		{DB8AC337-D423-42E6-99E6-55C762E979A9}.Release|Any CPU.Build.0 = Release|Any CPU
		{15432649-0325-4EB9-8603-79EBA6395A16}.Debug|Any CPU.ActiveCfg = Debug|Any CPU
		{15432649-0325-4EB9-8603-79EBA6395A16}.Debug|Any CPU.Build.0 = Debug|Any CPU
		{15432649-0325-4EB9-8603-79EBA6395A16}.Release|Any CPU.ActiveCfg = Release|Any CPU
		{15432649-0325-4EB9-8603-79EBA6395A16}.Release|Any CPU.Build.0 = Release|Any CPU
		{C71327A1-CB21-4389-89D2-4B6A2E38FA97}.Debug|Any CPU.ActiveCfg = Debug|Any CPU
		{C71327A1-CB21-4389-89D2-4B6A2E38FA97}.Debug|Any CPU.Build.0 = Debug|Any CPU
		{C71327A1-CB21-4389-89D2-4B6A2E38FA97}.Release|Any CPU.ActiveCfg = Release|Any CPU
		{C71327A1-CB21-4389-89D2-4B6A2E38FA97}.Release|Any CPU.Build.0 = Release|Any CPU
		{3188B55A-1EC7-4FC7-88FF-877A978A07E1}.Debug|Any CPU.ActiveCfg = Debug|Any CPU
		{3188B55A-1EC7-4FC7-88FF-877A978A07E1}.Debug|Any CPU.Build.0 = Debug|Any CPU
		{3188B55A-1EC7-4FC7-88FF-877A978A07E1}.Release|Any CPU.ActiveCfg = Release|Any CPU
		{3188B55A-1EC7-4FC7-88FF-877A978A07E1}.Release|Any CPU.Build.0 = Release|Any CPU
		{6DA3D039-38F6-44E2-9C41-3072A00108D6}.Debug|Any CPU.ActiveCfg = Debug|Any CPU
		{6DA3D039-38F6-44E2-9C41-3072A00108D6}.Debug|Any CPU.Build.0 = Debug|Any CPU
		{6DA3D039-38F6-44E2-9C41-3072A00108D6}.Release|Any CPU.ActiveCfg = Release|Any CPU
		{6DA3D039-38F6-44E2-9C41-3072A00108D6}.Release|Any CPU.Build.0 = Release|Any CPU
		{37287922-EED7-4655-B204-4C0F3B834DB1}.Debug|Any CPU.ActiveCfg = Debug|Any CPU
		{37287922-EED7-4655-B204-4C0F3B834DB1}.Debug|Any CPU.Build.0 = Debug|Any CPU
		{37287922-EED7-4655-B204-4C0F3B834DB1}.Release|Any CPU.ActiveCfg = Release|Any CPU
		{37287922-EED7-4655-B204-4C0F3B834DB1}.Release|Any CPU.Build.0 = Release|Any CPU
	EndGlobalSection
	GlobalSection(SolutionProperties) = preSolution
		HideSolutionNode = FALSE
	EndGlobalSection
	GlobalSection(ExtensibilityGlobals) = postSolution
		SolutionGuid = {64C2611B-18F9-427D-B8DA-A5B5FB995402}
	EndGlobalSection
	GlobalSection(NestedProjects) = preSolution
		{37287922-EED7-4655-B204-4C0F3B834DB1} = {704B84F5-E692-4D6A-8E3C-F766BDC00751}
	EndGlobalSection
EndGlobal
